
Microsoft Visual Studio Solution File, Format Version 12.00
# Visual Studio Version 17
VisualStudioVersion = 17.11.35312.102
MinimumVisualStudioVersion = 10.0.40219.1
Project("{FAE04EC0-301F-11D3-BF4B-00C04F79EFBC}") = "ClothingRecycledMod", "ClothingRecycledMod\ClothingRecycledMod.csproj", "{AB48C888-C659-453F-AD74-5BA45DD6EE08}"
EndProject
Global
	GlobalSection(SolutionConfigurationPlatforms) = preSolution
		Debug|Any CPU = Debug|Any CPU
		Release|Any CPU = Release|Any CPU
	EndGlobalSection
	GlobalSection(ProjectConfigurationPlatforms) = postSolution
		{AB48C888-C659-453F-AD74-5BA45DD6EE08}.Debug|Any CPU.ActiveCfg = Debug|Any CPU
		{AB48C888-C659-453F-AD74-5BA45DD6EE08}.Debug|Any CPU.Build.0 = Debug|Any CPU
		{AB48C888-C659-453F-AD74-5BA45DD6EE08}.Release|Any CPU.ActiveCfg = Release|Any CPU
		{AB48C888-C659-453F-AD74-5BA45DD6EE08}.Release|Any CPU.Build.0 = Release|Any CPU
	EndGlobalSection
	GlobalSection(SolutionProperties) = preSolution
		HideSolutionNode = FALSE
	EndGlobalSection
	GlobalSection(ExtensibilityGlobals) = postSolution
		SolutionGuid = {58355242-D7FB-49C8-B11A-170956BEE3A1}
	EndGlobalSection
EndGlobal
